
Microsoft Visual Studio Solution File, Format Version 11.00
# Visual Studio 2010
Project("{159641D6-6404-4A2A-AE62-294DE0FE8301}") = "HR Project", "HR Project\HR Project.dtproj", "{349373F2-C6DB-4444-9E41-B76BDBE8056A}"
EndProject
Global
	GlobalSection(SolutionConfigurationPlatforms) = preSolution
		Development|Default = Development|Default
	EndGlobalSection
	GlobalSection(ProjectConfigurationPlatforms) = postSolution
		{349373F2-C6DB-4444-9E41-B76BDBE8056A}.Development|Default.ActiveCfg = Development
		{349373F2-C6DB-4444-9E41-B76BDBE8056A}.Development|Default.Build.0 = Development
	EndGlobalSection
	GlobalSection(SolutionProperties) = preSolution
		HideSolutionNode = FALSE
	EndGlobalSection
EndGlobal
