
Microsoft Visual Studio Solution File, Format Version 11.00
# Visual Studio 2010
Project("{F14B399A-7131-4C87-9E4B-1186C45EF12D}") = "HR Report Project", "..\HR SSRS Project\HR Report Project\HR Report Project.rptproj", "{0C520FE8-BD62-4947-AEAC-92825661BDCA}"
	ProjectSection(ProjectDependencies) = postProject
		{EA80F790-40F8-467A-88B2-813ED4DCEE2B} = {EA80F790-40F8-467A-88B2-813ED4DCEE2B}
	EndProjectSection
EndProject
Project("{159641D6-6404-4A2A-AE62-294DE0FE8301}") = "HR Integration Project", "HR Integration Project.dtproj", "{EA80F790-40F8-467A-88B2-813ED4DCEE2B}"
EndProject
Project("{D2ABAB84-BF74-430A-B69E-9DC6D40DDA17}") = "HR_SSAS_Project", "..\HR_SSAS_Project\HR_SSAS_Project.dwproj", "{1E3CAAFE-F7F4-45EC-838F-B2BE7A2C9943}"
EndProject
Global
	GlobalSection(SolutionConfigurationPlatforms) = preSolution
		Debug|Default = Debug|Default
		DebugLocal|Default = DebugLocal|Default
		Development|Default = Development|Default
		Release|Default = Release|Default
	EndGlobalSection
	GlobalSection(ProjectConfigurationPlatforms) = postSolution
		{0C520FE8-BD62-4947-AEAC-92825661BDCA}.Debug|Default.ActiveCfg = Debug
		{0C520FE8-BD62-4947-AEAC-92825661BDCA}.Debug|Default.Build.0 = DebugLocal
		{0C520FE8-BD62-4947-AEAC-92825661BDCA}.Debug|Default.Deploy.0 = DebugLocal
		{0C520FE8-BD62-4947-AEAC-92825661BDCA}.DebugLocal|Default.ActiveCfg = DebugLocal
		{0C520FE8-BD62-4947-AEAC-92825661BDCA}.DebugLocal|Default.Build.0 = DebugLocal
		{0C520FE8-BD62-4947-AEAC-92825661BDCA}.DebugLocal|Default.Deploy.0 = DebugLocal
		{0C520FE8-BD62-4947-AEAC-92825661BDCA}.Development|Default.ActiveCfg = DebugLocal
		{0C520FE8-BD62-4947-AEAC-92825661BDCA}.Development|Default.Build.0 = DebugLocal
		{0C520FE8-BD62-4947-AEAC-92825661BDCA}.Development|Default.Deploy.0 = DebugLocal
		{0C520FE8-BD62-4947-AEAC-92825661BDCA}.Release|Default.ActiveCfg = Release
		{0C520FE8-BD62-4947-AEAC-92825661BDCA}.Release|Default.Build.0 = Release
		{0C520FE8-BD62-4947-AEAC-92825661BDCA}.Release|Default.Deploy.0 = Release
		{EA80F790-40F8-467A-88B2-813ED4DCEE2B}.Debug|Default.ActiveCfg = Development
		{EA80F790-40F8-467A-88B2-813ED4DCEE2B}.Debug|Default.Build.0 = Development
		{EA80F790-40F8-467A-88B2-813ED4DCEE2B}.DebugLocal|Default.ActiveCfg = Development
		{EA80F790-40F8-467A-88B2-813ED4DCEE2B}.DebugLocal|Default.Build.0 = Development
		{EA80F790-40F8-467A-88B2-813ED4DCEE2B}.Development|Default.ActiveCfg = Development
		{EA80F790-40F8-467A-88B2-813ED4DCEE2B}.Development|Default.Build.0 = Development
		{EA80F790-40F8-467A-88B2-813ED4DCEE2B}.Release|Default.ActiveCfg = Development
		{EA80F790-40F8-467A-88B2-813ED4DCEE2B}.Release|Default.Build.0 = Development
		{1E3CAAFE-F7F4-45EC-838F-B2BE7A2C9943}.Debug|Default.ActiveCfg = Development
		{1E3CAAFE-F7F4-45EC-838F-B2BE7A2C9943}.Debug|Default.Build.0 = Development
		{1E3CAAFE-F7F4-45EC-838F-B2BE7A2C9943}.Debug|Default.Deploy.0 = Development
		{1E3CAAFE-F7F4-45EC-838F-B2BE7A2C9943}.DebugLocal|Default.ActiveCfg = Development
		{1E3CAAFE-F7F4-45EC-838F-B2BE7A2C9943}.DebugLocal|Default.Build.0 = Development
		{1E3CAAFE-F7F4-45EC-838F-B2BE7A2C9943}.DebugLocal|Default.Deploy.0 = Development
		{1E3CAAFE-F7F4-45EC-838F-B2BE7A2C9943}.Development|Default.ActiveCfg = Development
		{1E3CAAFE-F7F4-45EC-838F-B2BE7A2C9943}.Development|Default.Build.0 = Development
		{1E3CAAFE-F7F4-45EC-838F-B2BE7A2C9943}.Development|Default.Deploy.0 = Development
		{1E3CAAFE-F7F4-45EC-838F-B2BE7A2C9943}.Release|Default.ActiveCfg = Development
		{1E3CAAFE-F7F4-45EC-838F-B2BE7A2C9943}.Release|Default.Build.0 = Development
		{1E3CAAFE-F7F4-45EC-838F-B2BE7A2C9943}.Release|Default.Deploy.0 = Development
	EndGlobalSection
	GlobalSection(SolutionProperties) = preSolution
		HideSolutionNode = FALSE
	EndGlobalSection
EndGlobal
